
Microsoft Visual Studio Solution File, Format Version 12.00
# Visual Studio Version 16
VisualStudioVersion = 16.0.31129.286
MinimumVisualStudioVersion = 10.0.40219.1
Project("{FAE04EC0-301F-11D3-BF4B-00C04F79EFBC}") = "Menu", "Menu.csproj", "{05ED42EE-139D-4A10-B2CC-3EC1F047F074}"
EndProject
Global
	GlobalSection(SolutionConfigurationPlatforms) = preSolution
		Debug|Any CPU = Debug|Any CPU
		Release|Any CPU = Release|Any CPU
	EndGlobalSection
	GlobalSection(ProjectConfigurationPlatforms) = postSolution
		{05ED42EE-139D-4A10-B2CC-3EC1F047F074}.Debug|Any CPU.ActiveCfg = Debug|Any CPU
		{05ED42EE-139D-4A10-B2CC-3EC1F047F074}.Debug|Any CPU.Build.0 = Debug|Any CPU
		{05ED42EE-139D-4A10-B2CC-3EC1F047F074}.Release|Any CPU.ActiveCfg = Release|Any CPU
		{05ED42EE-139D-4A10-B2CC-3EC1F047F074}.Release|Any CPU.Build.0 = Release|Any CPU
	EndGlobalSection
	GlobalSection(SolutionProperties) = preSolution
		HideSolutionNode = FALSE
	EndGlobalSection
	GlobalSection(ExtensibilityGlobals) = postSolution
		SolutionGuid = {1E91CD4C-5415-4D9A-9005-593EC24220CE}
	EndGlobalSection
EndGlobal
